
Microsoft Visual Studio Solution File, Format Version 12.00
# Visual Studio 15
VisualStudioVersion = 15.0.28010.2003
MinimumVisualStudioVersion = 10.0.40219.1
Project("{FAE04EC0-301F-11D3-BF4B-00C04F79EFBC}") = "RocketPlayer", "RocketPlayer\RocketPlayer.csproj", "{3A091F64-4B36-4AC9-B9F9-BB21306D3772}"
EndProject
Global
	GlobalSection(SolutionConfigurationPlatforms) = preSolution
		Debug|Any CPU = Debug|Any CPU
		Release|Any CPU = Release|Any CPU
	EndGlobalSection
	GlobalSection(ProjectConfigurationPlatforms) = postSolution
		{3A091F64-4B36-4AC9-B9F9-BB21306D3772}.Debug|Any CPU.ActiveCfg = Debug|Any CPU
		{3A091F64-4B36-4AC9-B9F9-BB21306D3772}.Debug|Any CPU.Build.0 = Debug|Any CPU
		{3A091F64-4B36-4AC9-B9F9-BB21306D3772}.Release|Any CPU.ActiveCfg = Release|Any CPU
		{3A091F64-4B36-4AC9-B9F9-BB21306D3772}.Release|Any CPU.Build.0 = Release|Any CPU
	EndGlobalSection
	GlobalSection(SolutionProperties) = preSolution
		HideSolutionNode = FALSE
	EndGlobalSection
	GlobalSection(ExtensibilityGlobals) = postSolution
		SolutionGuid = {580F57A6-89B5-4619-B820-31C4C5B390CD}
	EndGlobalSection
EndGlobal
